
Microsoft Visual Studio Solution File, Format Version 12.00
# Visual Studio 15
VisualStudioVersion = 15.0.27703.2026
MinimumVisualStudioVersion = 10.0.40219.1
Project("{9A19103F-16F7-4668-BE54-9A1E7A4F7556}") = "BrewSoft.Api", "BrewSoft.Api\BrewSoft.Api.csproj", "{84539847-929B-4158-B2D9-062A14565F8F}"
EndProject
Project("{2150E333-8FDC-42A3-9474-1A3956D46DE8}") = "1. BrewSoft.Api", "1. BrewSoft.Api", "{C0341CA9-8205-4BF7-A6A4-D1C2B913E0D4}"
EndProject
Project("{2150E333-8FDC-42A3-9474-1A3956D46DE8}") = "2. BrewSoft.Core", "2. BrewSoft.Core", "{CEDCC2C5-38F3-4C37-B9AB-AF5E76B40E7A}"
EndProject
Project("{2150E333-8FDC-42A3-9474-1A3956D46DE8}") = "3. BrewSoft.Infrastructure", "3. BrewSoft.Infrastructure", "{89EE40E4-E1F5-4EC3-8A36-E775186672A1}"
EndProject
Project("{FAE04EC0-301F-11D3-BF4B-00C04F79EFBC}") = "BrewSoft.Infrastructure", "BrewSoft.Infrastructure\BrewSoft.Infrastructure.csproj", "{7D754176-09E0-401E-84E8-A45352C8DB5E}"
EndProject
Project("{FAE04EC0-301F-11D3-BF4B-00C04F79EFBC}") = "BrewSoft.Domain", "BrewSoft.Domain\BrewSoft.Domain.csproj", "{9410ACFA-1058-4CB2-9418-B68F35900A7D}"
EndProject
Project("{FAE04EC0-301F-11D3-BF4B-00C04F79EFBC}") = "BrewSoft.Service", "BrewSoft.Service\BrewSoft.Service.csproj", "{DED4B9E5-AFE4-4CFD-9E88-F43C4A3053E9}"
EndProject
Global
	GlobalSection(SolutionConfigurationPlatforms) = preSolution
		Debug|Any CPU = Debug|Any CPU
		Release|Any CPU = Release|Any CPU
	EndGlobalSection
	GlobalSection(ProjectConfigurationPlatforms) = postSolution
		{84539847-929B-4158-B2D9-062A14565F8F}.Debug|Any CPU.ActiveCfg = Debug|Any CPU
		{84539847-929B-4158-B2D9-062A14565F8F}.Debug|Any CPU.Build.0 = Debug|Any CPU
		{84539847-929B-4158-B2D9-062A14565F8F}.Release|Any CPU.ActiveCfg = Release|Any CPU
		{84539847-929B-4158-B2D9-062A14565F8F}.Release|Any CPU.Build.0 = Release|Any CPU
		{7D754176-09E0-401E-84E8-A45352C8DB5E}.Debug|Any CPU.ActiveCfg = Debug|Any CPU
		{7D754176-09E0-401E-84E8-A45352C8DB5E}.Debug|Any CPU.Build.0 = Debug|Any CPU
		{7D754176-09E0-401E-84E8-A45352C8DB5E}.Release|Any CPU.ActiveCfg = Release|Any CPU
		{7D754176-09E0-401E-84E8-A45352C8DB5E}.Release|Any CPU.Build.0 = Release|Any CPU
		{9410ACFA-1058-4CB2-9418-B68F35900A7D}.Debug|Any CPU.ActiveCfg = Debug|Any CPU
		{9410ACFA-1058-4CB2-9418-B68F35900A7D}.Debug|Any CPU.Build.0 = Debug|Any CPU
		{9410ACFA-1058-4CB2-9418-B68F35900A7D}.Release|Any CPU.ActiveCfg = Release|Any CPU
		{9410ACFA-1058-4CB2-9418-B68F35900A7D}.Release|Any CPU.Build.0 = Release|Any CPU
		{DED4B9E5-AFE4-4CFD-9E88-F43C4A3053E9}.Debug|Any CPU.ActiveCfg = Debug|Any CPU
		{DED4B9E5-AFE4-4CFD-9E88-F43C4A3053E9}.Debug|Any CPU.Build.0 = Debug|Any CPU
		{DED4B9E5-AFE4-4CFD-9E88-F43C4A3053E9}.Release|Any CPU.ActiveCfg = Release|Any CPU
		{DED4B9E5-AFE4-4CFD-9E88-F43C4A3053E9}.Release|Any CPU.Build.0 = Release|Any CPU
	EndGlobalSection
	GlobalSection(SolutionProperties) = preSolution
		HideSolutionNode = FALSE
	EndGlobalSection
	GlobalSection(ExtensibilityGlobals) = postSolution
		SolutionGuid = {75D12148-99CA-4E8E-8BD6-A124F69B8E9A}
	EndGlobalSection
EndGlobal
